
Microsoft Visual Studio Solution File, Format Version 11.00
# Visual Studio 2010
Project("{FAE04EC0-301F-11D3-BF4B-00C04F79EFBC}") = "System(Patch)", "System(Patch).csproj", "{E5AA1DE3-35D6-4C56-9A5A-08D701A9932D}"
EndProject
Project("{2150E333-8FDC-42A3-9474-1A3956D46DE8}") = "资源", "资源", "{58F0DCF6-779D-4C8B-ADB8-95839BD5E109}"
	ProjectSection(SolutionItems) = preProject
		CompactMvc_项模板 for VS2010.zip = CompactMvc_项模板 for VS2010.zip
		Demo.zip = Demo.zip
	EndProjectSection
EndProject
Global
	GlobalSection(SolutionConfigurationPlatforms) = preSolution
		Debug|Any CPU = Debug|Any CPU
		Debug|Mixed Platforms = Debug|Mixed Platforms
		Debug|x86 = Debug|x86
		Release|Any CPU = Release|Any CPU
		Release|Mixed Platforms = Release|Mixed Platforms
		Release|x86 = Release|x86
	EndGlobalSection
	GlobalSection(ProjectConfigurationPlatforms) = postSolution
		{E5AA1DE3-35D6-4C56-9A5A-08D701A9932D}.Debug|Any CPU.ActiveCfg = Debug|Any CPU
		{E5AA1DE3-35D6-4C56-9A5A-08D701A9932D}.Debug|Any CPU.Build.0 = Debug|Any CPU
		{E5AA1DE3-35D6-4C56-9A5A-08D701A9932D}.Debug|Mixed Platforms.ActiveCfg = Debug|x86
		{E5AA1DE3-35D6-4C56-9A5A-08D701A9932D}.Debug|Mixed Platforms.Build.0 = Debug|x86
		{E5AA1DE3-35D6-4C56-9A5A-08D701A9932D}.Debug|x86.ActiveCfg = Debug|x86
		{E5AA1DE3-35D6-4C56-9A5A-08D701A9932D}.Debug|x86.Build.0 = Debug|x86
		{E5AA1DE3-35D6-4C56-9A5A-08D701A9932D}.Release|Any CPU.ActiveCfg = Release|Any CPU
		{E5AA1DE3-35D6-4C56-9A5A-08D701A9932D}.Release|Any CPU.Build.0 = Release|Any CPU
		{E5AA1DE3-35D6-4C56-9A5A-08D701A9932D}.Release|Mixed Platforms.ActiveCfg = Release|x86
		{E5AA1DE3-35D6-4C56-9A5A-08D701A9932D}.Release|Mixed Platforms.Build.0 = Release|x86
		{E5AA1DE3-35D6-4C56-9A5A-08D701A9932D}.Release|x86.ActiveCfg = Release|x86
		{E5AA1DE3-35D6-4C56-9A5A-08D701A9932D}.Release|x86.Build.0 = Release|x86
	EndGlobalSection
	GlobalSection(SolutionProperties) = preSolution
		HideSolutionNode = FALSE
	EndGlobalSection
EndGlobal
